
Microsoft Visual Studio Solution File, Format Version 10.00
# Visual Studio 2008
Project("{8BC9CEB8-8B4A-11D0-8D11-00A0C91BC942}") = "Sino", "Sino.vcproj", "{2E81D884-D01F-492C-A32D-4218C125AA7B}"
	ProjectSection(ProjectDependencies) = postProject
		{DB1D124E-7302-4361-AF20-44BDB7B31A6C} = {DB1D124E-7302-4361-AF20-44BDB7B31A6C}
		{E7EAD054-0BB1-47F5-AA8E-7F5040AA3554} = {E7EAD054-0BB1-47F5-AA8E-7F5040AA3554}
		{B67B4759-7DF7-4D0D-88B4-91210E0C8C63} = {B67B4759-7DF7-4D0D-88B4-91210E0C8C63}
		{3A0E5D82-0422-4681-A353-B21151481231} = {3A0E5D82-0422-4681-A353-B21151481231}
		{051E57B9-F430-4E9D-9505-2556EC851010} = {051E57B9-F430-4E9D-9505-2556EC851010}
		{9E3FA4FE-8958-45E0-BF40-0487FF9052AC} = {9E3FA4FE-8958-45E0-BF40-0487FF9052AC}
	EndProjectSection
EndProject
Project("{8BC9CEB8-8B4A-11D0-8D11-00A0C91BC942}") = "CopyRNMLib", "Operations\CopyRNMLib.vcproj", "{DB1D124E-7302-4361-AF20-44BDB7B31A6C}"
EndProject
Project("{8BC9CEB8-8B4A-11D0-8D11-00A0C91BC942}") = "DragAndDropLib", "Operations\DragAndDropLib.vcproj", "{5524B734-7546-44F5-8758-A39F5CD73176}"
EndProject
Project("{8BC9CEB8-8B4A-11D0-8D11-00A0C91BC942}") = "KrnlAndStrmsLib", "Operations\KrnlAndStrmsLib.vcproj", "{B67B4759-7DF7-4D0D-88B4-91210E0C8C63}"
EndProject
Project("{8BC9CEB8-8B4A-11D0-8D11-00A0C91BC942}") = "LanguagesLib", "Operations\LanguagesLib.vcproj", "{E7EAD054-0BB1-47F5-AA8E-7F5040AA3554}"
EndProject
Project("{8BC9CEB8-8B4A-11D0-8D11-00A0C91BC942}") = "LinkSocketLib", "Operations\LinkSocketLib.vcproj", "{9E3FA4FE-8958-45E0-BF40-0487FF9052AC}"
EndProject
Project("{8BC9CEB8-8B4A-11D0-8D11-00A0C91BC942}") = "MenuUtils", "Operations\MenuUtils.vcproj", "{051E57B9-F430-4E9D-9505-2556EC851010}"
EndProject
Project("{8BC9CEB8-8B4A-11D0-8D11-00A0C91BC942}") = "SelctnAndSearchLib", "Operations\SelctnAndSearchLib.vcproj", "{3A0E5D82-0422-4681-A353-B21151481231}"
EndProject
Project("{8BC9CEB8-8B4A-11D0-8D11-00A0C91BC942}") = "jpglibb", "Plugins\Image\Jpg\jpglib frFile.vcproj", "{128DFEF7-772A-422D-B78D-8FB1A3B8F2CE}"
EndProject
Project("{8BC9CEB8-8B4A-11D0-8D11-00A0C91BC942}") = "JpgView", "Plugins\Image\Jpg\JpgView\JpgView.vcproj", "{6664B635-E2A7-4529-91F6-26D5E3CC81F4}"
EndProject
Project("{8BC9CEB8-8B4A-11D0-8D11-00A0C91BC942}") = "FileAppend", "Plugins\Auxilary\MenuUtility\FileAppend\FileAppend.vcproj", "{4A6AF4C5-C71A-4F17-B8E0-A573E3914CB4}"
EndProject
Project("{8BC9CEB8-8B4A-11D0-8D11-00A0C91BC942}") = "FileCompare", "Plugins\Auxilary\MenuUtility\FileCompare\FileCompare.vcproj", "{CB684FAB-B22A-4A13-8167-9C6CC5C041B1}"
EndProject
Project("{8BC9CEB8-8B4A-11D0-8D11-00A0C91BC942}") = "FileDefrag", "Plugins\Auxilary\MenuUtility\FileDefrag\FileDefrag.vcproj", "{699CBFA8-6D48-4C6F-9562-60F6DBCE3317}"
EndProject
Project("{8BC9CEB8-8B4A-11D0-8D11-00A0C91BC942}") = "FileSplit", "Plugins\Auxilary\MenuUtility\FileSplit\FileSplit.vcproj", "{17737A6D-F18F-4227-BF33-0C370FD61D22}"
EndProject
Project("{8BC9CEB8-8B4A-11D0-8D11-00A0C91BC942}") = "7z", "Plugins\Archive\7z\plugin\7z.vcproj", "{382457DD-87A3-4213-BB70-3D26002F8DFF}"
EndProject
Project("{8BC9CEB8-8B4A-11D0-8D11-00A0C91BC942}") = "Nrg32", "Plugins\Archive\7z\7z_src\CPP\7zip\Archive\MeningNrg_em\Nrg32.vcproj", "{955EA3E3-D0F1-4A90-9FD9-09DFC056A52B}"
EndProject
Project("{8BC9CEB8-8B4A-11D0-8D11-00A0C91BC942}") = "Iso32", "Plugins\Archive\7z\7z_src\CPP\7zip\Archive\Iso\Iso32.vcproj", "{5808348B-996F-4EF4-AAAC-10DDDCC7DEA3}"
EndProject
Project("{8BC9CEB8-8B4A-11D0-8D11-00A0C91BC942}") = "Tar32", "Plugins\Archive\7z\7z_src\CPP\7zip\Archive\Tar\Tar32.vcproj", "{6A5B90AC-995E-4B55-83BA-2984F249AA43}"
EndProject
Project("{8BC9CEB8-8B4A-11D0-8D11-00A0C91BC942}") = "cab32", "Plugins\Archive\Cab\cab32.vcproj", "{BEC147CB-F478-48BC-AAC3-E4CD39EDD9E3}"
EndProject
Project("{8BC9CEB8-8B4A-11D0-8D11-00A0C91BC942}") = "Chm32", "Plugins\Archive\Chm\Chm32.vcproj", "{AE839750-D9DF-4A2C-910B-60CF20819133}"
EndProject
Project("{8BC9CEB8-8B4A-11D0-8D11-00A0C91BC942}") = "exe32", "Plugins\Archive\exe32\exe32.vcproj", "{F870975E-BA4C-4F55-9DD5-FF7D8A0EA3D3}"
EndProject
Project("{8BC9CEB8-8B4A-11D0-8D11-00A0C91BC942}") = "Rar32", "Plugins\Archive\Rar32\Rar32.vcproj", "{ACED00C0-117E-4372-92ED-4CE9C9D70A15}"
EndProject
Project("{8BC9CEB8-8B4A-11D0-8D11-00A0C91BC942}") = "mzlib32", "Plugins\Archive\zip\mzlib32.vcproj", "{9181033E-6C68-42F5-921C-28F6E9C79519}"
EndProject
Project("{2150E333-8FDC-42A3-9474-1A3956D46DE8}") = "Plugins", "Plugins", "{7F6C5723-A045-4013-816F-F3E64508A9CD}"
EndProject
Project("{2150E333-8FDC-42A3-9474-1A3956D46DE8}") = "Operations", "Operations", "{B3D982C9-1AC9-47BF-96F4-29B5DC563BDE}"
EndProject
Project("{2150E333-8FDC-42A3-9474-1A3956D46DE8}") = "Archive", "Archive", "{422F2E1D-DDF4-4676-948F-3F909B7A0663}"
EndProject
Project("{2150E333-8FDC-42A3-9474-1A3956D46DE8}") = "Auxilary", "Auxilary", "{654FF1E5-8ABF-4FDD-84B8-F6C22E003B17}"
EndProject
Project("{2150E333-8FDC-42A3-9474-1A3956D46DE8}") = "Image", "Image", "{6470CEDC-6C85-4869-B292-021CE7AD1930}"
EndProject
Project("{2150E333-8FDC-42A3-9474-1A3956D46DE8}") = "MenuUtility", "MenuUtility", "{52042099-49E3-479F-BFD7-7568E4719BDE}"
EndProject
Project("{8BC9CEB8-8B4A-11D0-8D11-00A0C91BC942}") = "MyShell", "Operations\MyShell\MyShell.vcproj", "{2AB74168-512A-4C16-86B2-0A9459CF5BFC}"
EndProject
Project("{8BC9CEB8-8B4A-11D0-8D11-00A0C91BC942}") = "sinsch32", "Plugins\Auxilary\SinoSearchF7\SinoSearchF7.vcproj", "{5116607F-74DB-4EE1-8C43-4E733EBE1A9C}"
EndProject
Project("{2150E333-8FDC-42A3-9474-1A3956D46DE8}") = "Virtual Panel", "Virtual Panel", "{A52CAC04-539B-4A5F-BAAA-3BF25EA1FB3F}"
EndProject
Project("{8BC9CEB8-8B4A-11D0-8D11-00A0C91BC942}") = "Virtual NET", "Plugins\Vitual Panel\Virtual NET\Virtual NET.vcproj", "{4A088B25-D09C-40CB-B640-93ADD9C77722}"
EndProject
Project("{8BC9CEB8-8B4A-11D0-8D11-00A0C91BC942}") = "WinObj", "Plugins\Vitual Panel\WinObj\WinObj.vcproj", "{D3BE7E5E-915A-4393-B0D4-4A1ABD46C5D4}"
EndProject
Project("{8BC9CEB8-8B4A-11D0-8D11-00A0C91BC942}") = "VirtualPanel", "Operations\VirtualPanel.vcproj", "{7E56AC5E-8484-49B5-9E82-A352EE8CB067}"
EndProject
Global
	GlobalSection(SolutionConfigurationPlatforms) = preSolution
		Debug|Win32 = Debug|Win32
		Debug|x64 = Debug|x64
		Release|Win32 = Release|Win32
		Release|x64 = Release|x64
	EndGlobalSection
	GlobalSection(ProjectConfigurationPlatforms) = postSolution
		{2E81D884-D01F-492C-A32D-4218C125AA7B}.Debug|Win32.ActiveCfg = Debug|Win32
		{2E81D884-D01F-492C-A32D-4218C125AA7B}.Debug|Win32.Build.0 = Debug|Win32
		{2E81D884-D01F-492C-A32D-4218C125AA7B}.Debug|x64.ActiveCfg = Debug|Win32
		{2E81D884-D01F-492C-A32D-4218C125AA7B}.Release|Win32.ActiveCfg = Release|Win32
		{2E81D884-D01F-492C-A32D-4218C125AA7B}.Release|Win32.Build.0 = Release|Win32
		{2E81D884-D01F-492C-A32D-4218C125AA7B}.Release|x64.ActiveCfg = Release|Win32
		{DB1D124E-7302-4361-AF20-44BDB7B31A6C}.Debug|Win32.ActiveCfg = Debug|Win32
		{DB1D124E-7302-4361-AF20-44BDB7B31A6C}.Debug|Win32.Build.0 = Debug|Win32
		{DB1D124E-7302-4361-AF20-44BDB7B31A6C}.Debug|x64.ActiveCfg = Debug|Win32
		{DB1D124E-7302-4361-AF20-44BDB7B31A6C}.Release|Win32.ActiveCfg = Release|Win32
		{DB1D124E-7302-4361-AF20-44BDB7B31A6C}.Release|Win32.Build.0 = Release|Win32
		{DB1D124E-7302-4361-AF20-44BDB7B31A6C}.Release|x64.ActiveCfg = Release|Win32
		{5524B734-7546-44F5-8758-A39F5CD73176}.Debug|Win32.ActiveCfg = Debug|Win32
		{5524B734-7546-44F5-8758-A39F5CD73176}.Debug|Win32.Build.0 = Debug|Win32
		{5524B734-7546-44F5-8758-A39F5CD73176}.Debug|x64.ActiveCfg = Debug|Win32
		{5524B734-7546-44F5-8758-A39F5CD73176}.Release|Win32.ActiveCfg = Release|Win32
		{5524B734-7546-44F5-8758-A39F5CD73176}.Release|Win32.Build.0 = Release|Win32
		{5524B734-7546-44F5-8758-A39F5CD73176}.Release|x64.ActiveCfg = Release|Win32
		{B67B4759-7DF7-4D0D-88B4-91210E0C8C63}.Debug|Win32.ActiveCfg = Debug|Win32
		{B67B4759-7DF7-4D0D-88B4-91210E0C8C63}.Debug|Win32.Build.0 = Debug|Win32
		{B67B4759-7DF7-4D0D-88B4-91210E0C8C63}.Debug|x64.ActiveCfg = Debug|Win32
		{B67B4759-7DF7-4D0D-88B4-91210E0C8C63}.Release|Win32.ActiveCfg = Release|Win32
		{B67B4759-7DF7-4D0D-88B4-91210E0C8C63}.Release|Win32.Build.0 = Release|Win32
		{B67B4759-7DF7-4D0D-88B4-91210E0C8C63}.Release|x64.ActiveCfg = Release|Win32
		{E7EAD054-0BB1-47F5-AA8E-7F5040AA3554}.Debug|Win32.ActiveCfg = Debug|Win32
		{E7EAD054-0BB1-47F5-AA8E-7F5040AA3554}.Debug|Win32.Build.0 = Debug|Win32
		{E7EAD054-0BB1-47F5-AA8E-7F5040AA3554}.Debug|x64.ActiveCfg = Debug|Win32
		{E7EAD054-0BB1-47F5-AA8E-7F5040AA3554}.Release|Win32.ActiveCfg = Release|Win32
		{E7EAD054-0BB1-47F5-AA8E-7F5040AA3554}.Release|Win32.Build.0 = Release|Win32
		{E7EAD054-0BB1-47F5-AA8E-7F5040AA3554}.Release|x64.ActiveCfg = Release|Win32
		{9E3FA4FE-8958-45E0-BF40-0487FF9052AC}.Debug|Win32.ActiveCfg = Debug|Win32
		{9E3FA4FE-8958-45E0-BF40-0487FF9052AC}.Debug|Win32.Build.0 = Debug|Win32
		{9E3FA4FE-8958-45E0-BF40-0487FF9052AC}.Debug|x64.ActiveCfg = Debug|Win32
		{9E3FA4FE-8958-45E0-BF40-0487FF9052AC}.Release|Win32.ActiveCfg = Release|Win32
		{9E3FA4FE-8958-45E0-BF40-0487FF9052AC}.Release|Win32.Build.0 = Release|Win32
		{9E3FA4FE-8958-45E0-BF40-0487FF9052AC}.Release|x64.ActiveCfg = Release|Win32
		{051E57B9-F430-4E9D-9505-2556EC851010}.Debug|Win32.ActiveCfg = Debug|Win32
		{051E57B9-F430-4E9D-9505-2556EC851010}.Debug|Win32.Build.0 = Debug|Win32
		{051E57B9-F430-4E9D-9505-2556EC851010}.Debug|x64.ActiveCfg = Debug|Win32
		{051E57B9-F430-4E9D-9505-2556EC851010}.Release|Win32.ActiveCfg = Release|Win32
		{051E57B9-F430-4E9D-9505-2556EC851010}.Release|Win32.Build.0 = Release|Win32
		{051E57B9-F430-4E9D-9505-2556EC851010}.Release|x64.ActiveCfg = Release|Win32
		{3A0E5D82-0422-4681-A353-B21151481231}.Debug|Win32.ActiveCfg = Debug|Win32
		{3A0E5D82-0422-4681-A353-B21151481231}.Debug|Win32.Build.0 = Debug|Win32
		{3A0E5D82-0422-4681-A353-B21151481231}.Debug|x64.ActiveCfg = Debug|Win32
		{3A0E5D82-0422-4681-A353-B21151481231}.Release|Win32.ActiveCfg = Release|Win32
		{3A0E5D82-0422-4681-A353-B21151481231}.Release|Win32.Build.0 = Release|Win32
		{3A0E5D82-0422-4681-A353-B21151481231}.Release|x64.ActiveCfg = Release|Win32
		{128DFEF7-772A-422D-B78D-8FB1A3B8F2CE}.Debug|Win32.ActiveCfg = Debug|Win32
		{128DFEF7-772A-422D-B78D-8FB1A3B8F2CE}.Debug|Win32.Build.0 = Debug|Win32
		{128DFEF7-772A-422D-B78D-8FB1A3B8F2CE}.Debug|x64.ActiveCfg = Debug|Win32
		{128DFEF7-772A-422D-B78D-8FB1A3B8F2CE}.Release|Win32.ActiveCfg = Release|Win32
		{128DFEF7-772A-422D-B78D-8FB1A3B8F2CE}.Release|Win32.Build.0 = Release|Win32
		{128DFEF7-772A-422D-B78D-8FB1A3B8F2CE}.Release|x64.ActiveCfg = Release|Win32
		{6664B635-E2A7-4529-91F6-26D5E3CC81F4}.Debug|Win32.ActiveCfg = Debug|Win32
		{6664B635-E2A7-4529-91F6-26D5E3CC81F4}.Debug|Win32.Build.0 = Debug|Win32
		{6664B635-E2A7-4529-91F6-26D5E3CC81F4}.Debug|x64.ActiveCfg = Debug|Win32
		{6664B635-E2A7-4529-91F6-26D5E3CC81F4}.Release|Win32.ActiveCfg = Release|Win32
		{6664B635-E2A7-4529-91F6-26D5E3CC81F4}.Release|Win32.Build.0 = Release|Win32
		{6664B635-E2A7-4529-91F6-26D5E3CC81F4}.Release|x64.ActiveCfg = Release|Win32
		{4A6AF4C5-C71A-4F17-B8E0-A573E3914CB4}.Debug|Win32.ActiveCfg = Debug|Win32
		{4A6AF4C5-C71A-4F17-B8E0-A573E3914CB4}.Debug|Win32.Build.0 = Debug|Win32
		{4A6AF4C5-C71A-4F17-B8E0-A573E3914CB4}.Debug|x64.ActiveCfg = Debug|Win32
		{4A6AF4C5-C71A-4F17-B8E0-A573E3914CB4}.Release|Win32.ActiveCfg = Release|Win32
		{4A6AF4C5-C71A-4F17-B8E0-A573E3914CB4}.Release|Win32.Build.0 = Release|Win32
		{4A6AF4C5-C71A-4F17-B8E0-A573E3914CB4}.Release|x64.ActiveCfg = Release|Win32
		{CB684FAB-B22A-4A13-8167-9C6CC5C041B1}.Debug|Win32.ActiveCfg = Debug|Win32
		{CB684FAB-B22A-4A13-8167-9C6CC5C041B1}.Debug|Win32.Build.0 = Debug|Win32
		{CB684FAB-B22A-4A13-8167-9C6CC5C041B1}.Debug|x64.ActiveCfg = Debug|Win32
		{CB684FAB-B22A-4A13-8167-9C6CC5C041B1}.Release|Win32.ActiveCfg = Release|Win32
		{CB684FAB-B22A-4A13-8167-9C6CC5C041B1}.Release|Win32.Build.0 = Release|Win32
		{CB684FAB-B22A-4A13-8167-9C6CC5C041B1}.Release|x64.ActiveCfg = Release|Win32
		{699CBFA8-6D48-4C6F-9562-60F6DBCE3317}.Debug|Win32.ActiveCfg = Debug|Win32
		{699CBFA8-6D48-4C6F-9562-60F6DBCE3317}.Debug|Win32.Build.0 = Debug|Win32
		{699CBFA8-6D48-4C6F-9562-60F6DBCE3317}.Debug|x64.ActiveCfg = Debug|Win32
		{699CBFA8-6D48-4C6F-9562-60F6DBCE3317}.Release|Win32.ActiveCfg = Release|Win32
		{699CBFA8-6D48-4C6F-9562-60F6DBCE3317}.Release|Win32.Build.0 = Release|Win32
		{699CBFA8-6D48-4C6F-9562-60F6DBCE3317}.Release|x64.ActiveCfg = Release|Win32
		{17737A6D-F18F-4227-BF33-0C370FD61D22}.Debug|Win32.ActiveCfg = Debug|Win32
		{17737A6D-F18F-4227-BF33-0C370FD61D22}.Debug|Win32.Build.0 = Debug|Win32
		{17737A6D-F18F-4227-BF33-0C370FD61D22}.Debug|x64.ActiveCfg = Debug|Win32
		{17737A6D-F18F-4227-BF33-0C370FD61D22}.Release|Win32.ActiveCfg = Release|Win32
		{17737A6D-F18F-4227-BF33-0C370FD61D22}.Release|Win32.Build.0 = Release|Win32
		{17737A6D-F18F-4227-BF33-0C370FD61D22}.Release|x64.ActiveCfg = Release|Win32
		{382457DD-87A3-4213-BB70-3D26002F8DFF}.Debug|Win32.ActiveCfg = Debug|Win32
		{382457DD-87A3-4213-BB70-3D26002F8DFF}.Debug|Win32.Build.0 = Debug|Win32
		{382457DD-87A3-4213-BB70-3D26002F8DFF}.Debug|x64.ActiveCfg = Debug|x64
		{382457DD-87A3-4213-BB70-3D26002F8DFF}.Debug|x64.Build.0 = Debug|x64
		{382457DD-87A3-4213-BB70-3D26002F8DFF}.Release|Win32.ActiveCfg = Release|Win32
		{382457DD-87A3-4213-BB70-3D26002F8DFF}.Release|Win32.Build.0 = Release|Win32
		{382457DD-87A3-4213-BB70-3D26002F8DFF}.Release|x64.ActiveCfg = Release|x64
		{382457DD-87A3-4213-BB70-3D26002F8DFF}.Release|x64.Build.0 = Release|x64
		{955EA3E3-D0F1-4A90-9FD9-09DFC056A52B}.Debug|Win32.ActiveCfg = Debug|Win32
		{955EA3E3-D0F1-4A90-9FD9-09DFC056A52B}.Debug|Win32.Build.0 = Debug|Win32
		{955EA3E3-D0F1-4A90-9FD9-09DFC056A52B}.Debug|x64.ActiveCfg = Debug|Win32
		{955EA3E3-D0F1-4A90-9FD9-09DFC056A52B}.Release|Win32.ActiveCfg = Release|Win32
		{955EA3E3-D0F1-4A90-9FD9-09DFC056A52B}.Release|Win32.Build.0 = Release|Win32
		{955EA3E3-D0F1-4A90-9FD9-09DFC056A52B}.Release|x64.ActiveCfg = Release|Win32
		{5808348B-996F-4EF4-AAAC-10DDDCC7DEA3}.Debug|Win32.ActiveCfg = Debug|Win32
		{5808348B-996F-4EF4-AAAC-10DDDCC7DEA3}.Debug|Win32.Build.0 = Debug|Win32
		{5808348B-996F-4EF4-AAAC-10DDDCC7DEA3}.Debug|x64.ActiveCfg = Debug|Win32
		{5808348B-996F-4EF4-AAAC-10DDDCC7DEA3}.Release|Win32.ActiveCfg = Release|Win32
		{5808348B-996F-4EF4-AAAC-10DDDCC7DEA3}.Release|Win32.Build.0 = Release|Win32
		{5808348B-996F-4EF4-AAAC-10DDDCC7DEA3}.Release|x64.ActiveCfg = Release|Win32
		{6A5B90AC-995E-4B55-83BA-2984F249AA43}.Debug|Win32.ActiveCfg = Debug|Win32
		{6A5B90AC-995E-4B55-83BA-2984F249AA43}.Debug|Win32.Build.0 = Debug|Win32
		{6A5B90AC-995E-4B55-83BA-2984F249AA43}.Debug|x64.ActiveCfg = Debug|Win32
		{6A5B90AC-995E-4B55-83BA-2984F249AA43}.Release|Win32.ActiveCfg = Release|Win32
		{6A5B90AC-995E-4B55-83BA-2984F249AA43}.Release|Win32.Build.0 = Release|Win32
		{6A5B90AC-995E-4B55-83BA-2984F249AA43}.Release|x64.ActiveCfg = Release|Win32
		{BEC147CB-F478-48BC-AAC3-E4CD39EDD9E3}.Debug|Win32.ActiveCfg = Debug|Win32
		{BEC147CB-F478-48BC-AAC3-E4CD39EDD9E3}.Debug|Win32.Build.0 = Debug|Win32
		{BEC147CB-F478-48BC-AAC3-E4CD39EDD9E3}.Debug|x64.ActiveCfg = Debug|Win32
		{BEC147CB-F478-48BC-AAC3-E4CD39EDD9E3}.Release|Win32.ActiveCfg = Release|Win32
		{BEC147CB-F478-48BC-AAC3-E4CD39EDD9E3}.Release|Win32.Build.0 = Release|Win32
		{BEC147CB-F478-48BC-AAC3-E4CD39EDD9E3}.Release|x64.ActiveCfg = Release|Win32
		{AE839750-D9DF-4A2C-910B-60CF20819133}.Debug|Win32.ActiveCfg = Debug|Win32
		{AE839750-D9DF-4A2C-910B-60CF20819133}.Debug|Win32.Build.0 = Debug|Win32
		{AE839750-D9DF-4A2C-910B-60CF20819133}.Debug|x64.ActiveCfg = Debug|Win32
		{AE839750-D9DF-4A2C-910B-60CF20819133}.Release|Win32.ActiveCfg = Release|Win32
		{AE839750-D9DF-4A2C-910B-60CF20819133}.Release|Win32.Build.0 = Release|Win32
		{AE839750-D9DF-4A2C-910B-60CF20819133}.Release|x64.ActiveCfg = Release|Win32
		{F870975E-BA4C-4F55-9DD5-FF7D8A0EA3D3}.Debug|Win32.ActiveCfg = Debug|Win32
		{F870975E-BA4C-4F55-9DD5-FF7D8A0EA3D3}.Debug|Win32.Build.0 = Debug|Win32
		{F870975E-BA4C-4F55-9DD5-FF7D8A0EA3D3}.Debug|x64.ActiveCfg = Debug|Win32
		{F870975E-BA4C-4F55-9DD5-FF7D8A0EA3D3}.Release|Win32.ActiveCfg = Release|Win32
		{F870975E-BA4C-4F55-9DD5-FF7D8A0EA3D3}.Release|Win32.Build.0 = Release|Win32
		{F870975E-BA4C-4F55-9DD5-FF7D8A0EA3D3}.Release|x64.ActiveCfg = Release|Win32
		{ACED00C0-117E-4372-92ED-4CE9C9D70A15}.Debug|Win32.ActiveCfg = Debug|Win32
		{ACED00C0-117E-4372-92ED-4CE9C9D70A15}.Debug|Win32.Build.0 = Debug|Win32
		{ACED00C0-117E-4372-92ED-4CE9C9D70A15}.Debug|x64.ActiveCfg = Debug|Win32
		{ACED00C0-117E-4372-92ED-4CE9C9D70A15}.Release|Win32.ActiveCfg = Release|Win32
		{ACED00C0-117E-4372-92ED-4CE9C9D70A15}.Release|Win32.Build.0 = Release|Win32
		{ACED00C0-117E-4372-92ED-4CE9C9D70A15}.Release|x64.ActiveCfg = Release|Win32
		{9181033E-6C68-42F5-921C-28F6E9C79519}.Debug|Win32.ActiveCfg = Debug|Win32
		{9181033E-6C68-42F5-921C-28F6E9C79519}.Debug|Win32.Build.0 = Debug|Win32
		{9181033E-6C68-42F5-921C-28F6E9C79519}.Debug|x64.ActiveCfg = Debug|Win32
		{9181033E-6C68-42F5-921C-28F6E9C79519}.Release|Win32.ActiveCfg = Release|Win32
		{9181033E-6C68-42F5-921C-28F6E9C79519}.Release|Win32.Build.0 = Release|Win32
		{9181033E-6C68-42F5-921C-28F6E9C79519}.Release|x64.ActiveCfg = Release|Win32
		{2AB74168-512A-4C16-86B2-0A9459CF5BFC}.Debug|Win32.ActiveCfg = Debug|Win32
		{2AB74168-512A-4C16-86B2-0A9459CF5BFC}.Debug|Win32.Build.0 = Debug|Win32
		{2AB74168-512A-4C16-86B2-0A9459CF5BFC}.Debug|x64.ActiveCfg = Debug|Win32
		{2AB74168-512A-4C16-86B2-0A9459CF5BFC}.Release|Win32.ActiveCfg = Release|Win32
		{2AB74168-512A-4C16-86B2-0A9459CF5BFC}.Release|Win32.Build.0 = Release|Win32
		{2AB74168-512A-4C16-86B2-0A9459CF5BFC}.Release|x64.ActiveCfg = Release|Win32
		{5116607F-74DB-4EE1-8C43-4E733EBE1A9C}.Debug|Win32.ActiveCfg = Debug|Win32
		{5116607F-74DB-4EE1-8C43-4E733EBE1A9C}.Debug|Win32.Build.0 = Debug|Win32
		{5116607F-74DB-4EE1-8C43-4E733EBE1A9C}.Debug|x64.ActiveCfg = Debug|Win32
		{5116607F-74DB-4EE1-8C43-4E733EBE1A9C}.Release|Win32.ActiveCfg = Release|Win32
		{5116607F-74DB-4EE1-8C43-4E733EBE1A9C}.Release|Win32.Build.0 = Release|Win32
		{5116607F-74DB-4EE1-8C43-4E733EBE1A9C}.Release|x64.ActiveCfg = Release|Win32
		{4A088B25-D09C-40CB-B640-93ADD9C77722}.Debug|Win32.ActiveCfg = Debug|Win32
		{4A088B25-D09C-40CB-B640-93ADD9C77722}.Debug|Win32.Build.0 = Debug|Win32
		{4A088B25-D09C-40CB-B640-93ADD9C77722}.Debug|x64.ActiveCfg = Debug|Win32
		{4A088B25-D09C-40CB-B640-93ADD9C77722}.Release|Win32.ActiveCfg = Release|Win32
		{4A088B25-D09C-40CB-B640-93ADD9C77722}.Release|Win32.Build.0 = Release|Win32
		{4A088B25-D09C-40CB-B640-93ADD9C77722}.Release|x64.ActiveCfg = Release|Win32
		{D3BE7E5E-915A-4393-B0D4-4A1ABD46C5D4}.Debug|Win32.ActiveCfg = Debug|Win32
		{D3BE7E5E-915A-4393-B0D4-4A1ABD46C5D4}.Debug|Win32.Build.0 = Debug|Win32
		{D3BE7E5E-915A-4393-B0D4-4A1ABD46C5D4}.Debug|x64.ActiveCfg = Debug|Win32
		{D3BE7E5E-915A-4393-B0D4-4A1ABD46C5D4}.Release|Win32.ActiveCfg = Release|Win32
		{D3BE7E5E-915A-4393-B0D4-4A1ABD46C5D4}.Release|Win32.Build.0 = Release|Win32
		{D3BE7E5E-915A-4393-B0D4-4A1ABD46C5D4}.Release|x64.ActiveCfg = Release|Win32
		{7E56AC5E-8484-49B5-9E82-A352EE8CB067}.Debug|Win32.ActiveCfg = Debug|Win32
		{7E56AC5E-8484-49B5-9E82-A352EE8CB067}.Debug|Win32.Build.0 = Debug|Win32
		{7E56AC5E-8484-49B5-9E82-A352EE8CB067}.Debug|x64.ActiveCfg = Debug|Win32
		{7E56AC5E-8484-49B5-9E82-A352EE8CB067}.Release|Win32.ActiveCfg = Release|Win32
		{7E56AC5E-8484-49B5-9E82-A352EE8CB067}.Release|Win32.Build.0 = Release|Win32
		{7E56AC5E-8484-49B5-9E82-A352EE8CB067}.Release|x64.ActiveCfg = Release|Win32
	EndGlobalSection
	GlobalSection(SolutionProperties) = preSolution
		HideSolutionNode = FALSE
	EndGlobalSection
	GlobalSection(NestedProjects) = preSolution
		{5524B734-7546-44F5-8758-A39F5CD73176} = {B3D982C9-1AC9-47BF-96F4-29B5DC563BDE}
		{B67B4759-7DF7-4D0D-88B4-91210E0C8C63} = {B3D982C9-1AC9-47BF-96F4-29B5DC563BDE}
		{E7EAD054-0BB1-47F5-AA8E-7F5040AA3554} = {B3D982C9-1AC9-47BF-96F4-29B5DC563BDE}
		{9E3FA4FE-8958-45E0-BF40-0487FF9052AC} = {B3D982C9-1AC9-47BF-96F4-29B5DC563BDE}
		{051E57B9-F430-4E9D-9505-2556EC851010} = {B3D982C9-1AC9-47BF-96F4-29B5DC563BDE}
		{3A0E5D82-0422-4681-A353-B21151481231} = {B3D982C9-1AC9-47BF-96F4-29B5DC563BDE}
		{DB1D124E-7302-4361-AF20-44BDB7B31A6C} = {B3D982C9-1AC9-47BF-96F4-29B5DC563BDE}
		{2AB74168-512A-4C16-86B2-0A9459CF5BFC} = {B3D982C9-1AC9-47BF-96F4-29B5DC563BDE}
		{7E56AC5E-8484-49B5-9E82-A352EE8CB067} = {B3D982C9-1AC9-47BF-96F4-29B5DC563BDE}
		{6470CEDC-6C85-4869-B292-021CE7AD1930} = {7F6C5723-A045-4013-816F-F3E64508A9CD}
		{654FF1E5-8ABF-4FDD-84B8-F6C22E003B17} = {7F6C5723-A045-4013-816F-F3E64508A9CD}
		{422F2E1D-DDF4-4676-948F-3F909B7A0663} = {7F6C5723-A045-4013-816F-F3E64508A9CD}
		{A52CAC04-539B-4A5F-BAAA-3BF25EA1FB3F} = {7F6C5723-A045-4013-816F-F3E64508A9CD}
		{128DFEF7-772A-422D-B78D-8FB1A3B8F2CE} = {6470CEDC-6C85-4869-B292-021CE7AD1930}
		{6664B635-E2A7-4529-91F6-26D5E3CC81F4} = {6470CEDC-6C85-4869-B292-021CE7AD1930}
		{52042099-49E3-479F-BFD7-7568E4719BDE} = {654FF1E5-8ABF-4FDD-84B8-F6C22E003B17}
		{5116607F-74DB-4EE1-8C43-4E733EBE1A9C} = {654FF1E5-8ABF-4FDD-84B8-F6C22E003B17}
		{699CBFA8-6D48-4C6F-9562-60F6DBCE3317} = {52042099-49E3-479F-BFD7-7568E4719BDE}
		{17737A6D-F18F-4227-BF33-0C370FD61D22} = {52042099-49E3-479F-BFD7-7568E4719BDE}
		{4A6AF4C5-C71A-4F17-B8E0-A573E3914CB4} = {52042099-49E3-479F-BFD7-7568E4719BDE}
		{CB684FAB-B22A-4A13-8167-9C6CC5C041B1} = {52042099-49E3-479F-BFD7-7568E4719BDE}
		{955EA3E3-D0F1-4A90-9FD9-09DFC056A52B} = {422F2E1D-DDF4-4676-948F-3F909B7A0663}
		{5808348B-996F-4EF4-AAAC-10DDDCC7DEA3} = {422F2E1D-DDF4-4676-948F-3F909B7A0663}
		{6A5B90AC-995E-4B55-83BA-2984F249AA43} = {422F2E1D-DDF4-4676-948F-3F909B7A0663}
		{BEC147CB-F478-48BC-AAC3-E4CD39EDD9E3} = {422F2E1D-DDF4-4676-948F-3F909B7A0663}
		{AE839750-D9DF-4A2C-910B-60CF20819133} = {422F2E1D-DDF4-4676-948F-3F909B7A0663}
		{F870975E-BA4C-4F55-9DD5-FF7D8A0EA3D3} = {422F2E1D-DDF4-4676-948F-3F909B7A0663}
		{ACED00C0-117E-4372-92ED-4CE9C9D70A15} = {422F2E1D-DDF4-4676-948F-3F909B7A0663}
		{9181033E-6C68-42F5-921C-28F6E9C79519} = {422F2E1D-DDF4-4676-948F-3F909B7A0663}
		{382457DD-87A3-4213-BB70-3D26002F8DFF} = {422F2E1D-DDF4-4676-948F-3F909B7A0663}
		{4A088B25-D09C-40CB-B640-93ADD9C77722} = {A52CAC04-539B-4A5F-BAAA-3BF25EA1FB3F}
		{D3BE7E5E-915A-4393-B0D4-4A1ABD46C5D4} = {A52CAC04-539B-4A5F-BAAA-3BF25EA1FB3F}
	EndGlobalSection
EndGlobal
