
Microsoft Visual Studio Solution File, Format Version 10.00
# Visual Studio 2008
Project("{54435603-DBB4-11D2-8724-00A0C9A8B90C}") = "SinoSetup", "SinoSetup.vdproj", "{E47F06BF-CF2C-4D74-8945-C46F20318E76}"
EndProject
Global
	GlobalSection(SolutionConfigurationPlatforms) = preSolution
		Debug|Default = Debug|Default
		Release|Default = Release|Default
	EndGlobalSection
	GlobalSection(ProjectConfigurationPlatforms) = postSolution
		{E47F06BF-CF2C-4D74-8945-C46F20318E76}.Debug|Default.ActiveCfg = Debug
		{E47F06BF-CF2C-4D74-8945-C46F20318E76}.Debug|Default.Build.0 = Debug
		{E47F06BF-CF2C-4D74-8945-C46F20318E76}.Release|Default.ActiveCfg = Release
		{E47F06BF-CF2C-4D74-8945-C46F20318E76}.Release|Default.Build.0 = Release
	EndGlobalSection
	GlobalSection(SolutionProperties) = preSolution
		HideSolutionNode = FALSE
	EndGlobalSection
EndGlobal
